
Microsoft Visual Studio Solution File, Format Version 12.00
# Visual Studio 14
VisualStudioVersion = 14.0.23107.0
MinimumVisualStudioVersion = 10.0.40219.1
Project("{2150E333-8FDC-42A3-9474-1A3956D46DE8}") = "src", "src", "{968836AA-AC2F-4E7D-BF10-EAA9335EA109}"
EndProject
Project("{2150E333-8FDC-42A3-9474-1A3956D46DE8}") = "Solution Items", "Solution Items", "{915647A8-63BD-4FAB-8C0D-4BEE525B8F63}"
	ProjectSection(SolutionItems) = preProject
		global.json = global.json
		NuGet.Config = NuGet.Config
	EndProjectSection
EndProject
Project("{00D1A9C2-B5F0-4AF3-8072-F6C62B433612}") = "Database", "Database\Database.sqlproj", "{777205C2-B021-44DF-828C-D49720B30BC6}"
EndProject
Project("{FAE04EC0-301F-11D3-BF4B-00C04F79EFBC}") = "NetHealth.WoundExpert.DocumentUtilities", "..\imgUpload_Iheal\NetHealth.WoundExpert.DocumentUtilities\NetHealth.WoundExpert.DocumentUtilities.csproj", "{282C1C89-D411-428B-AE98-26EFEBF2D8C1}"
EndProject
Project("{FAE04EC0-301F-11D3-BF4B-00C04F79EFBC}") = "NetHealth.WoundExpert.DataAccess", "..\imgUpload_Iheal\NetHealth.WoundExpert.DataAccess\NetHealth.WoundExpert.DataAccess.csproj", "{9AA84FD6-D32F-4E5F-8039-0F752A1DA583}"
EndProject
Project("{FAE04EC0-301F-11D3-BF4B-00C04F79EFBC}") = "NetHealth.WoundExpert.ExtensionMethods", "..\imgUpload_Iheal\NetHealth.WoundExpert.ExtensionMethods\NetHealth.WoundExpert.ExtensionMethods.csproj", "{1E7BBCAA-FC23-42C9-BF9C-855101920ECA}"
EndProject
Project("{FAE04EC0-301F-11D3-BF4B-00C04F79EFBC}") = "NetHealth.WoundExpert.SessionManagement", "..\imgUpload_Iheal\NetHealth.WoundExpert.SessionManagement\NetHealth.WoundExpert.SessionManagement.csproj", "{E14CC45E-D894-4660-9BBB-9ACF11D1C2E6}"
EndProject
Project("{FAE04EC0-301F-11D3-BF4B-00C04F79EFBC}") = "NetHealth.WoundExpert.Settings", "..\imgUpload_Iheal\NetHealth.WoundExpert.Settings\NetHealth.WoundExpert.Settings.csproj", "{511C921C-D4D9-471E-9DA1-A35ED655CA26}"
EndProject
Project("{FAE04EC0-301F-11D3-BF4B-00C04F79EFBC}") = "NetHealth.WoundExpert.Documents", "..\imgUpload_Iheal\NetHealth.WoundExpert.Documents\NetHealth.WoundExpert.Documents.csproj", "{1F1A851B-2434-4C12-8B5A-B47D232254EC}"
EndProject
Project("{FAE04EC0-301F-11D3-BF4B-00C04F79EFBC}") = "NetHealth.WoundExpert.TransferObjects", "..\imgUpload_Iheal\NetHealth.WoundExpert.TransferObjects\NetHealth.WoundExpert.TransferObjects.csproj", "{A426062A-8B9C-42EB-92CE-0A21A65D88E2}"
EndProject
Project("{FAE04EC0-301F-11D3-BF4B-00C04F79EFBC}") = "NetHealth.WoundExpert.Common", "..\imgUpload_Iheal\NetHealth.WoundExpert.Common\NetHealth.WoundExpert.Common.csproj", "{98A9C9C9-4B1C-42F2-977F-A5581CF864D3}"
EndProject
Project("{FAE04EC0-301F-11D3-BF4B-00C04F79EFBC}") = "NetHealth.WoundExpert.Pdf", "..\imgUpload_Iheal\NetHealth.WoundExpert.Pdf\NetHealth.WoundExpert.Pdf.csproj", "{2EDFBBA9-685D-41D1-9EC4-A3B9CC850A50}"
EndProject
Project("{FAE04EC0-301F-11D3-BF4B-00C04F79EFBC}") = "web2", "web2\web2.csproj", "{7AF0B887-6289-437F-A853-5ED301CE4737}"
EndProject
Project("{FAE04EC0-301F-11D3-BF4B-00C04F79EFBC}") = "NetHealth.WoundExpert.Collections", "..\imgUpload_Iheal\NetHealth.WoundExpert.Collections\NetHealth.WoundExpert.Collections.csproj", "{8106A5D2-F38F-478C-A355-B50E4844DE97}"
EndProject
Global
	GlobalSection(SolutionConfigurationPlatforms) = preSolution
		Debug|Any CPU = Debug|Any CPU
		Debug|x64 = Debug|x64
		Release|Any CPU = Release|Any CPU
		Release|x64 = Release|x64
	EndGlobalSection
	GlobalSection(ProjectConfigurationPlatforms) = postSolution
		{777205C2-B021-44DF-828C-D49720B30BC6}.Debug|Any CPU.ActiveCfg = Debug|Any CPU
		{777205C2-B021-44DF-828C-D49720B30BC6}.Debug|Any CPU.Build.0 = Debug|Any CPU
		{777205C2-B021-44DF-828C-D49720B30BC6}.Debug|Any CPU.Deploy.0 = Debug|Any CPU
		{777205C2-B021-44DF-828C-D49720B30BC6}.Debug|x64.ActiveCfg = Debug|x64
		{777205C2-B021-44DF-828C-D49720B30BC6}.Debug|x64.Build.0 = Debug|x64
		{777205C2-B021-44DF-828C-D49720B30BC6}.Debug|x64.Deploy.0 = Debug|x64
		{777205C2-B021-44DF-828C-D49720B30BC6}.Release|Any CPU.ActiveCfg = Release|Any CPU
		{777205C2-B021-44DF-828C-D49720B30BC6}.Release|Any CPU.Build.0 = Release|Any CPU
		{777205C2-B021-44DF-828C-D49720B30BC6}.Release|Any CPU.Deploy.0 = Release|Any CPU
		{777205C2-B021-44DF-828C-D49720B30BC6}.Release|x64.ActiveCfg = Release|x64
		{777205C2-B021-44DF-828C-D49720B30BC6}.Release|x64.Build.0 = Release|x64
		{777205C2-B021-44DF-828C-D49720B30BC6}.Release|x64.Deploy.0 = Release|x64
		{282C1C89-D411-428B-AE98-26EFEBF2D8C1}.Debug|Any CPU.ActiveCfg = Debug|Any CPU
		{282C1C89-D411-428B-AE98-26EFEBF2D8C1}.Debug|x64.ActiveCfg = Debug|Any CPU
		{282C1C89-D411-428B-AE98-26EFEBF2D8C1}.Debug|x64.Build.0 = Debug|Any CPU
		{282C1C89-D411-428B-AE98-26EFEBF2D8C1}.Release|Any CPU.ActiveCfg = Release|Any CPU
		{282C1C89-D411-428B-AE98-26EFEBF2D8C1}.Release|Any CPU.Build.0 = Release|Any CPU
		{282C1C89-D411-428B-AE98-26EFEBF2D8C1}.Release|x64.ActiveCfg = Release|Any CPU
		{282C1C89-D411-428B-AE98-26EFEBF2D8C1}.Release|x64.Build.0 = Release|Any CPU
		{9AA84FD6-D32F-4E5F-8039-0F752A1DA583}.Debug|Any CPU.ActiveCfg = Debug|Any CPU
		{9AA84FD6-D32F-4E5F-8039-0F752A1DA583}.Debug|x64.ActiveCfg = Debug|Any CPU
		{9AA84FD6-D32F-4E5F-8039-0F752A1DA583}.Debug|x64.Build.0 = Debug|Any CPU
		{9AA84FD6-D32F-4E5F-8039-0F752A1DA583}.Release|Any CPU.ActiveCfg = Release|Any CPU
		{9AA84FD6-D32F-4E5F-8039-0F752A1DA583}.Release|Any CPU.Build.0 = Release|Any CPU
		{9AA84FD6-D32F-4E5F-8039-0F752A1DA583}.Release|x64.ActiveCfg = Release|Any CPU
		{9AA84FD6-D32F-4E5F-8039-0F752A1DA583}.Release|x64.Build.0 = Release|Any CPU
		{1E7BBCAA-FC23-42C9-BF9C-855101920ECA}.Debug|Any CPU.ActiveCfg = Debug|Any CPU
		{1E7BBCAA-FC23-42C9-BF9C-855101920ECA}.Debug|x64.ActiveCfg = Debug|Any CPU
		{1E7BBCAA-FC23-42C9-BF9C-855101920ECA}.Debug|x64.Build.0 = Debug|Any CPU
		{1E7BBCAA-FC23-42C9-BF9C-855101920ECA}.Release|Any CPU.ActiveCfg = Release|Any CPU
		{1E7BBCAA-FC23-42C9-BF9C-855101920ECA}.Release|Any CPU.Build.0 = Release|Any CPU
		{1E7BBCAA-FC23-42C9-BF9C-855101920ECA}.Release|x64.ActiveCfg = Release|Any CPU
		{1E7BBCAA-FC23-42C9-BF9C-855101920ECA}.Release|x64.Build.0 = Release|Any CPU
		{E14CC45E-D894-4660-9BBB-9ACF11D1C2E6}.Debug|Any CPU.ActiveCfg = Debug|Any CPU
		{E14CC45E-D894-4660-9BBB-9ACF11D1C2E6}.Debug|x64.ActiveCfg = Debug|Any CPU
		{E14CC45E-D894-4660-9BBB-9ACF11D1C2E6}.Debug|x64.Build.0 = Debug|Any CPU
		{E14CC45E-D894-4660-9BBB-9ACF11D1C2E6}.Release|Any CPU.ActiveCfg = Release|Any CPU
		{E14CC45E-D894-4660-9BBB-9ACF11D1C2E6}.Release|Any CPU.Build.0 = Release|Any CPU
		{E14CC45E-D894-4660-9BBB-9ACF11D1C2E6}.Release|x64.ActiveCfg = Release|Any CPU
		{E14CC45E-D894-4660-9BBB-9ACF11D1C2E6}.Release|x64.Build.0 = Release|Any CPU
		{511C921C-D4D9-471E-9DA1-A35ED655CA26}.Debug|Any CPU.ActiveCfg = Debug|Any CPU
		{511C921C-D4D9-471E-9DA1-A35ED655CA26}.Debug|x64.ActiveCfg = Debug|Any CPU
		{511C921C-D4D9-471E-9DA1-A35ED655CA26}.Debug|x64.Build.0 = Debug|Any CPU
		{511C921C-D4D9-471E-9DA1-A35ED655CA26}.Release|Any CPU.ActiveCfg = Release|Any CPU
		{511C921C-D4D9-471E-9DA1-A35ED655CA26}.Release|Any CPU.Build.0 = Release|Any CPU
		{511C921C-D4D9-471E-9DA1-A35ED655CA26}.Release|x64.ActiveCfg = Release|Any CPU
		{511C921C-D4D9-471E-9DA1-A35ED655CA26}.Release|x64.Build.0 = Release|Any CPU
		{1F1A851B-2434-4C12-8B5A-B47D232254EC}.Debug|Any CPU.ActiveCfg = Debug|Any CPU
		{1F1A851B-2434-4C12-8B5A-B47D232254EC}.Debug|x64.ActiveCfg = Debug|Any CPU
		{1F1A851B-2434-4C12-8B5A-B47D232254EC}.Debug|x64.Build.0 = Debug|Any CPU
		{1F1A851B-2434-4C12-8B5A-B47D232254EC}.Release|Any CPU.ActiveCfg = Release|Any CPU
		{1F1A851B-2434-4C12-8B5A-B47D232254EC}.Release|Any CPU.Build.0 = Release|Any CPU
		{1F1A851B-2434-4C12-8B5A-B47D232254EC}.Release|x64.ActiveCfg = Release|Any CPU
		{1F1A851B-2434-4C12-8B5A-B47D232254EC}.Release|x64.Build.0 = Release|Any CPU
		{A426062A-8B9C-42EB-92CE-0A21A65D88E2}.Debug|Any CPU.ActiveCfg = Debug|Any CPU
		{A426062A-8B9C-42EB-92CE-0A21A65D88E2}.Debug|x64.ActiveCfg = Debug|Any CPU
		{A426062A-8B9C-42EB-92CE-0A21A65D88E2}.Debug|x64.Build.0 = Debug|Any CPU
		{A426062A-8B9C-42EB-92CE-0A21A65D88E2}.Release|Any CPU.ActiveCfg = Release|Any CPU
		{A426062A-8B9C-42EB-92CE-0A21A65D88E2}.Release|Any CPU.Build.0 = Release|Any CPU
		{A426062A-8B9C-42EB-92CE-0A21A65D88E2}.Release|x64.ActiveCfg = Release|Any CPU
		{A426062A-8B9C-42EB-92CE-0A21A65D88E2}.Release|x64.Build.0 = Release|Any CPU
		{98A9C9C9-4B1C-42F2-977F-A5581CF864D3}.Debug|Any CPU.ActiveCfg = Debug|Any CPU
		{98A9C9C9-4B1C-42F2-977F-A5581CF864D3}.Debug|x64.ActiveCfg = Debug|Any CPU
		{98A9C9C9-4B1C-42F2-977F-A5581CF864D3}.Debug|x64.Build.0 = Debug|Any CPU
		{98A9C9C9-4B1C-42F2-977F-A5581CF864D3}.Release|Any CPU.ActiveCfg = Release|Any CPU
		{98A9C9C9-4B1C-42F2-977F-A5581CF864D3}.Release|Any CPU.Build.0 = Release|Any CPU
		{98A9C9C9-4B1C-42F2-977F-A5581CF864D3}.Release|x64.ActiveCfg = Release|Any CPU
		{98A9C9C9-4B1C-42F2-977F-A5581CF864D3}.Release|x64.Build.0 = Release|Any CPU
		{2EDFBBA9-685D-41D1-9EC4-A3B9CC850A50}.Debug|Any CPU.ActiveCfg = Debug|Any CPU
		{2EDFBBA9-685D-41D1-9EC4-A3B9CC850A50}.Debug|x64.ActiveCfg = Debug|Any CPU
		{2EDFBBA9-685D-41D1-9EC4-A3B9CC850A50}.Debug|x64.Build.0 = Debug|Any CPU
		{2EDFBBA9-685D-41D1-9EC4-A3B9CC850A50}.Release|Any CPU.ActiveCfg = Release|Any CPU
		{2EDFBBA9-685D-41D1-9EC4-A3B9CC850A50}.Release|Any CPU.Build.0 = Release|Any CPU
		{2EDFBBA9-685D-41D1-9EC4-A3B9CC850A50}.Release|x64.ActiveCfg = Release|Any CPU
		{2EDFBBA9-685D-41D1-9EC4-A3B9CC850A50}.Release|x64.Build.0 = Release|Any CPU
		{7AF0B887-6289-437F-A853-5ED301CE4737}.Debug|Any CPU.ActiveCfg = Debug|Any CPU
		{7AF0B887-6289-437F-A853-5ED301CE4737}.Debug|Any CPU.Build.0 = Debug|Any CPU
		{7AF0B887-6289-437F-A853-5ED301CE4737}.Debug|x64.ActiveCfg = Debug|Any CPU
		{7AF0B887-6289-437F-A853-5ED301CE4737}.Debug|x64.Build.0 = Debug|Any CPU
		{7AF0B887-6289-437F-A853-5ED301CE4737}.Release|Any CPU.ActiveCfg = Release|Any CPU
		{7AF0B887-6289-437F-A853-5ED301CE4737}.Release|Any CPU.Build.0 = Release|Any CPU
		{7AF0B887-6289-437F-A853-5ED301CE4737}.Release|x64.ActiveCfg = Release|Any CPU
		{7AF0B887-6289-437F-A853-5ED301CE4737}.Release|x64.Build.0 = Release|Any CPU
		{8106A5D2-F38F-478C-A355-B50E4844DE97}.Debug|Any CPU.ActiveCfg = Debug|Any CPU
		{8106A5D2-F38F-478C-A355-B50E4844DE97}.Debug|Any CPU.Build.0 = Debug|Any CPU
		{8106A5D2-F38F-478C-A355-B50E4844DE97}.Debug|x64.ActiveCfg = Debug|Any CPU
		{8106A5D2-F38F-478C-A355-B50E4844DE97}.Debug|x64.Build.0 = Debug|Any CPU
		{8106A5D2-F38F-478C-A355-B50E4844DE97}.Release|Any CPU.ActiveCfg = Release|Any CPU
		{8106A5D2-F38F-478C-A355-B50E4844DE97}.Release|Any CPU.Build.0 = Release|Any CPU
		{8106A5D2-F38F-478C-A355-B50E4844DE97}.Release|x64.ActiveCfg = Release|Any CPU
		{8106A5D2-F38F-478C-A355-B50E4844DE97}.Release|x64.Build.0 = Release|Any CPU
	EndGlobalSection
	GlobalSection(SolutionProperties) = preSolution
		HideSolutionNode = FALSE
	EndGlobalSection
	GlobalSection(NestedProjects) = preSolution
		{282C1C89-D411-428B-AE98-26EFEBF2D8C1} = {968836AA-AC2F-4E7D-BF10-EAA9335EA109}
		{9AA84FD6-D32F-4E5F-8039-0F752A1DA583} = {968836AA-AC2F-4E7D-BF10-EAA9335EA109}
		{1E7BBCAA-FC23-42C9-BF9C-855101920ECA} = {968836AA-AC2F-4E7D-BF10-EAA9335EA109}
		{E14CC45E-D894-4660-9BBB-9ACF11D1C2E6} = {968836AA-AC2F-4E7D-BF10-EAA9335EA109}
		{511C921C-D4D9-471E-9DA1-A35ED655CA26} = {968836AA-AC2F-4E7D-BF10-EAA9335EA109}
		{1F1A851B-2434-4C12-8B5A-B47D232254EC} = {968836AA-AC2F-4E7D-BF10-EAA9335EA109}
		{A426062A-8B9C-42EB-92CE-0A21A65D88E2} = {968836AA-AC2F-4E7D-BF10-EAA9335EA109}
		{98A9C9C9-4B1C-42F2-977F-A5581CF864D3} = {968836AA-AC2F-4E7D-BF10-EAA9335EA109}
		{2EDFBBA9-685D-41D1-9EC4-A3B9CC850A50} = {968836AA-AC2F-4E7D-BF10-EAA9335EA109}
		{7AF0B887-6289-437F-A853-5ED301CE4737} = {968836AA-AC2F-4E7D-BF10-EAA9335EA109}
		{8106A5D2-F38F-478C-A355-B50E4844DE97} = {968836AA-AC2F-4E7D-BF10-EAA9335EA109}
	EndGlobalSection
EndGlobal
