
Microsoft Visual Studio Solution File, Format Version 12.00
# Visual Studio 14
VisualStudioVersion = 14.0.23107.0
MinimumVisualStudioVersion = 10.0.40219.1
Project("{2150E333-8FDC-42A3-9474-1A3956D46DE8}") = "src", "src", "{968836AA-AC2F-4E7D-BF10-EAA9335EA109}"
EndProject
Project("{2150E333-8FDC-42A3-9474-1A3956D46DE8}") = "Solution Items", "Solution Items", "{915647A8-63BD-4FAB-8C0D-4BEE525B8F63}"
	ProjectSection(SolutionItems) = preProject
		global.json = global.json
		NuGet.Config = NuGet.Config
	EndProjectSection
EndProject
Project("{8BB2217D-0F2D-49D1-97BC-3654ED321F3B}") = "web", "src\web\web.xproj", "{BD200C4A-1149-42ED-ABFF-8CA0F7CEA465}"
EndProject
Project("{00D1A9C2-B5F0-4AF3-8072-F6C62B433612}") = "Database", "Database\Database.sqlproj", "{777205C2-B021-44DF-828C-D49720B30BC6}"
EndProject
Global
	GlobalSection(SolutionConfigurationPlatforms) = preSolution
		Debug|Any CPU = Debug|Any CPU
		Release|Any CPU = Release|Any CPU
	EndGlobalSection
	GlobalSection(ProjectConfigurationPlatforms) = postSolution
		{BD200C4A-1149-42ED-ABFF-8CA0F7CEA465}.Debug|Any CPU.ActiveCfg = Debug|Any CPU
		{BD200C4A-1149-42ED-ABFF-8CA0F7CEA465}.Debug|Any CPU.Build.0 = Debug|Any CPU
		{BD200C4A-1149-42ED-ABFF-8CA0F7CEA465}.Release|Any CPU.ActiveCfg = Release|Any CPU
		{BD200C4A-1149-42ED-ABFF-8CA0F7CEA465}.Release|Any CPU.Build.0 = Release|Any CPU
		{777205C2-B021-44DF-828C-D49720B30BC6}.Debug|Any CPU.ActiveCfg = Debug|Any CPU
		{777205C2-B021-44DF-828C-D49720B30BC6}.Debug|Any CPU.Build.0 = Debug|Any CPU
		{777205C2-B021-44DF-828C-D49720B30BC6}.Debug|Any CPU.Deploy.0 = Debug|Any CPU
		{777205C2-B021-44DF-828C-D49720B30BC6}.Release|Any CPU.ActiveCfg = Release|Any CPU
		{777205C2-B021-44DF-828C-D49720B30BC6}.Release|Any CPU.Build.0 = Release|Any CPU
		{777205C2-B021-44DF-828C-D49720B30BC6}.Release|Any CPU.Deploy.0 = Release|Any CPU
	EndGlobalSection
	GlobalSection(SolutionProperties) = preSolution
		HideSolutionNode = FALSE
	EndGlobalSection
	GlobalSection(NestedProjects) = preSolution
		{BD200C4A-1149-42ED-ABFF-8CA0F7CEA465} = {968836AA-AC2F-4E7D-BF10-EAA9335EA109}
	EndGlobalSection
EndGlobal
